// !$*UTF8*$!
{
	archiveVersion = 1;
	classes = {
	};
	objectVersion = 56;
	objects = {

/* Begin PBXBuildFile section */
		93248AAE2CB635DD00BDD66D /* CongressionalApp.swift in Sources */ = {isa = PBXBuildFile; fileRef = 93248AAD2CB635DD00BDD66D /* CongressionalApp.swift */; };
		93248AB02CB635DD00BDD66D /* ContentView.swift in Sources */ = {isa = PBXBuildFile; fileRef = 93248AAF2CB635DD00BDD66D /* ContentView.swift */; };
		93248AB22CB635DD00BDD66D /* Item.swift in Sources */ = {isa = PBXBuildFile; fileRef = 93248AB12CB635DD00BDD66D /* Item.swift */; };
		93248AB42CB635DE00BDD66D /* Assets.xcassets in Resources */ = {isa = PBXBuildFile; fileRef = 93248AB32CB635DE00BDD66D /* Assets.xcassets */; };
		93248AB72CB635DE00BDD66D /* Preview Assets.xcassets in Resources */ = {isa = PBXBuildFile; fileRef = 93248AB62CB635DE00BDD66D /* Preview Assets.xcassets */; };
		93248AC12CB635DF00BDD66D /* CongressionalTests.swift in Sources */ = {isa = PBXBuildFile; fileRef = 93248AC02CB635DF00BDD66D /* CongressionalTests.swift */; };
		93248ACB2CB635DF00BDD66D /* CongressionalUITests.swift in Sources */ = {isa = PBXBuildFile; fileRef = 93248ACA2CB635DF00BDD66D /* CongressionalUITests.swift */; };
		93248ACD2CB635DF00BDD66D /* CongressionalUITestsLaunchTests.swift in Sources */ = {isa = PBXBuildFile; fileRef = 93248ACC2CB635DF00BDD66D /* CongressionalUITestsLaunchTests.swift */; };
		93EC53132CC9DCC00052256F /* Muli-Bold.ttf in Resources */ = {isa = PBXBuildFile; fileRef = 93EC53072CC9DCC00052256F /* Muli-Bold.ttf */; };
		93EC53142CC9DCC00052256F /* Muli-Bold.ttf in Resources */ = {isa = PBXBuildFile; fileRef = 93EC53072CC9DCC00052256F /* Muli-Bold.ttf */; };
		93EC53152CC9DCC00052256F /* Muli-Bold.ttf in Resources */ = {isa = PBXBuildFile; fileRef = 93EC53072CC9DCC00052256F /* Muli-Bold.ttf */; };
		93EC53162CC9DCC00052256F /* Muli-BoldItalic.ttf in Resources */ = {isa = PBXBuildFile; fileRef = 93EC53082CC9DCC00052256F /* Muli-BoldItalic.ttf */; };
		93EC53172CC9DCC00052256F /* Muli-BoldItalic.ttf in Resources */ = {isa = PBXBuildFile; fileRef = 93EC53082CC9DCC00052256F /* Muli-BoldItalic.ttf */; };
		93EC53182CC9DCC00052256F /* Muli-BoldItalic.ttf in Resources */ = {isa = PBXBuildFile; fileRef = 93EC53082CC9DCC00052256F /* Muli-BoldItalic.ttf */; };
		93EC53192CC9DCC00052256F /* Muli-ExtraLight.ttf in Resources */ = {isa = PBXBuildFile; fileRef = 93EC53092CC9DCC00052256F /* Muli-ExtraLight.ttf */; };
		93EC531A2CC9DCC00052256F /* Muli-ExtraLight.ttf in Resources */ = {isa = PBXBuildFile; fileRef = 93EC53092CC9DCC00052256F /* Muli-ExtraLight.ttf */; };
		93EC531B2CC9DCC00052256F /* Muli-ExtraLight.ttf in Resources */ = {isa = PBXBuildFile; fileRef = 93EC53092CC9DCC00052256F /* Muli-ExtraLight.ttf */; };
		93EC531C2CC9DCC00052256F /* Muli-ExtraLightItalic.ttf in Resources */ = {isa = PBXBuildFile; fileRef = 93EC530A2CC9DCC00052256F /* Muli-ExtraLightItalic.ttf */; };
		93EC531D2CC9DCC00052256F /* Muli-ExtraLightItalic.ttf in Resources */ = {isa = PBXBuildFile; fileRef = 93EC530A2CC9DCC00052256F /* Muli-ExtraLightItalic.ttf */; };
		93EC531E2CC9DCC00052256F /* Muli-ExtraLightItalic.ttf in Resources */ = {isa = PBXBuildFile; fileRef = 93EC530A2CC9DCC00052256F /* Muli-ExtraLightItalic.ttf */; };
		93EC531F2CC9DCC00052256F /* Muli-Italic.ttf in Resources */ = {isa = PBXBuildFile; fileRef = 93EC530B2CC9DCC00052256F /* Muli-Italic.ttf */; };
		93EC53202CC9DCC00052256F /* Muli-Italic.ttf in Resources */ = {isa = PBXBuildFile; fileRef = 93EC530B2CC9DCC00052256F /* Muli-Italic.ttf */; };
		93EC53212CC9DCC00052256F /* Muli-Italic.ttf in Resources */ = {isa = PBXBuildFile; fileRef = 93EC530B2CC9DCC00052256F /* Muli-Italic.ttf */; };
		93EC53222CC9DCC00052256F /* Muli-Light.ttf in Resources */ = {isa = PBXBuildFile; fileRef = 93EC530C2CC9DCC00052256F /* Muli-Light.ttf */; };
		93EC53232CC9DCC00052256F /* Muli-Light.ttf in Resources */ = {isa = PBXBuildFile; fileRef = 93EC530C2CC9DCC00052256F /* Muli-Light.ttf */; };
		93EC53242CC9DCC00052256F /* Muli-Light.ttf in Resources */ = {isa = PBXBuildFile; fileRef = 93EC530C2CC9DCC00052256F /* Muli-Light.ttf */; };
		93EC53252CC9DCC00052256F /* Muli-LightItalic.ttf in Resources */ = {isa = PBXBuildFile; fileRef = 93EC530D2CC9DCC00052256F /* Muli-LightItalic.ttf */; };
		93EC53262CC9DCC00052256F /* Muli-LightItalic.ttf in Resources */ = {isa = PBXBuildFile; fileRef = 93EC530D2CC9DCC00052256F /* Muli-LightItalic.ttf */; };
		93EC53272CC9DCC00052256F /* Muli-LightItalic.ttf in Resources */ = {isa = PBXBuildFile; fileRef = 93EC530D2CC9DCC00052256F /* Muli-LightItalic.ttf */; };
		93EC53282CC9DCC00052256F /* Muli-Semi-BoldItalic.ttf in Resources */ = {isa = PBXBuildFile; fileRef = 93EC530E2CC9DCC00052256F /* Muli-Semi-BoldItalic.ttf */; };
		93EC53292CC9DCC00052256F /* Muli-Semi-BoldItalic.ttf in Resources */ = {isa = PBXBuildFile; fileRef = 93EC530E2CC9DCC00052256F /* Muli-Semi-BoldItalic.ttf */; };
		93EC532A2CC9DCC00052256F /* Muli-Semi-BoldItalic.ttf in Resources */ = {isa = PBXBuildFile; fileRef = 93EC530E2CC9DCC00052256F /* Muli-Semi-BoldItalic.ttf */; };
		93EC532B2CC9DCC00052256F /* Muli-SemiBold.ttf in Resources */ = {isa = PBXBuildFile; fileRef = 93EC530F2CC9DCC00052256F /* Muli-SemiBold.ttf */; };
		93EC532C2CC9DCC00052256F /* Muli-SemiBold.ttf in Resources */ = {isa = PBXBuildFile; fileRef = 93EC530F2CC9DCC00052256F /* Muli-SemiBold.ttf */; };
		93EC532D2CC9DCC00052256F /* Muli-SemiBold.ttf in Resources */ = {isa = PBXBuildFile; fileRef = 93EC530F2CC9DCC00052256F /* Muli-SemiBold.ttf */; };
		93EC532E2CC9DCC00052256F /* Muli.ttf in Resources */ = {isa = PBXBuildFile; fileRef = 93EC53102CC9DCC00052256F /* Muli.ttf */; };
		93EC532F2CC9DCC00052256F /* Muli.ttf in Resources */ = {isa = PBXBuildFile; fileRef = 93EC53102CC9DCC00052256F /* Muli.ttf */; };
		93EC53302CC9DCC00052256F /* Muli.ttf in Resources */ = {isa = PBXBuildFile; fileRef = 93EC53102CC9DCC00052256F /* Muli.ttf */; };
		93EC53312CC9DCC00052256F /* SIL Open Font License.txt in Resources */ = {isa = PBXBuildFile; fileRef = 93EC53112CC9DCC00052256F /* SIL Open Font License.txt */; };
		93EC53322CC9DCC00052256F /* SIL Open Font License.txt in Resources */ = {isa = PBXBuildFile; fileRef = 93EC53112CC9DCC00052256F /* SIL Open Font License.txt */; };
		93EC53332CC9DCC00052256F /* SIL Open Font License.txt in Resources */ = {isa = PBXBuildFile; fileRef = 93EC53112CC9DCC00052256F /* SIL Open Font License.txt */; };
/* End PBXBuildFile section */

/* Begin PBXContainerItemProxy section */
		93248ABD2CB635DF00BDD66D /* PBXContainerItemProxy */ = {
			isa = PBXContainerItemProxy;
			containerPortal = 93248AA22CB635DD00BDD66D /* Project object */;
			proxyType = 1;
			remoteGlobalIDString = 93248AA92CB635DD00BDD66D;
			remoteInfo = Congressional;
		};
		93248AC72CB635DF00BDD66D /* PBXContainerItemProxy */ = {
			isa = PBXContainerItemProxy;
			containerPortal = 93248AA22CB635DD00BDD66D /* Project object */;
			proxyType = 1;
			remoteGlobalIDString = 93248AA92CB635DD00BDD66D;
			remoteInfo = Congressional;
		};
/* End PBXContainerItemProxy section */

/* Begin PBXFileReference section */
		93248AAA2CB635DD00BDD66D /* Congressional.app */ = {isa = PBXFileReference; explicitFileType = wrapper.application; includeInIndex = 0; path = Congressional.app; sourceTree = BUILT_PRODUCTS_DIR; };
		93248AAD2CB635DD00BDD66D /* CongressionalApp.swift */ = {isa = PBXFileReference; lastKnownFileType = sourcecode.swift; path = CongressionalApp.swift; sourceTree = "<group>"; };
		93248AAF2CB635DD00BDD66D /* ContentView.swift */ = {isa = PBXFileReference; lastKnownFileType = sourcecode.swift; path = ContentView.swift; sourceTree = "<group>"; };
		93248AB12CB635DD00BDD66D /* Item.swift */ = {isa = PBXFileReference; lastKnownFileType = sourcecode.swift; path = Item.swift; sourceTree = "<group>"; };
		93248AB32CB635DE00BDD66D /* Assets.xcassets */ = {isa = PBXFileReference; lastKnownFileType = folder.assetcatalog; path = Assets.xcassets; sourceTree = "<group>"; };
		93248AB62CB635DE00BDD66D /* Preview Assets.xcassets */ = {isa = PBXFileReference; lastKnownFileType = folder.assetcatalog; path = "Preview Assets.xcassets"; sourceTree = "<group>"; };
		93248ABC2CB635DF00BDD66D /* CongressionalTests.xctest */ = {isa = PBXFileReference; explicitFileType = wrapper.cfbundle; includeInIndex = 0; path = CongressionalTests.xctest; sourceTree = BUILT_PRODUCTS_DIR; };
		93248AC02CB635DF00BDD66D /* CongressionalTests.swift */ = {isa = PBXFileReference; lastKnownFileType = sourcecode.swift; path = CongressionalTests.swift; sourceTree = "<group>"; };
		93248AC62CB635DF00BDD66D /* CongressionalUITests.xctest */ = {isa = PBXFileReference; explicitFileType = wrapper.cfbundle; includeInIndex = 0; path = CongressionalUITests.xctest; sourceTree = BUILT_PRODUCTS_DIR; };
		93248ACA2CB635DF00BDD66D /* CongressionalUITests.swift */ = {isa = PBXFileReference; lastKnownFileType = sourcecode.swift; path = CongressionalUITests.swift; sourceTree = "<group>"; };
		93248ACC2CB635DF00BDD66D /* CongressionalUITestsLaunchTests.swift */ = {isa = PBXFileReference; lastKnownFileType = sourcecode.swift; path = CongressionalUITestsLaunchTests.swift; sourceTree = "<group>"; };
		93EC53072CC9DCC00052256F /* Muli-Bold.ttf */ = {isa = PBXFileReference; lastKnownFileType = file; path = "Muli-Bold.ttf"; sourceTree = "<group>"; };
		93EC53082CC9DCC00052256F /* Muli-BoldItalic.ttf */ = {isa = PBXFileReference; lastKnownFileType = file; path = "Muli-BoldItalic.ttf"; sourceTree = "<group>"; };
		93EC53092CC9DCC00052256F /* Muli-ExtraLight.ttf */ = {isa = PBXFileReference; lastKnownFileType = file; path = "Muli-ExtraLight.ttf"; sourceTree = "<group>"; };
		93EC530A2CC9DCC00052256F /* Muli-ExtraLightItalic.ttf */ = {isa = PBXFileReference; lastKnownFileType = file; path = "Muli-ExtraLightItalic.ttf"; sourceTree = "<group>"; };
		93EC530B2CC9DCC00052256F /* Muli-Italic.ttf */ = {isa = PBXFileReference; lastKnownFileType = file; path = "Muli-Italic.ttf"; sourceTree = "<group>"; };
		93EC530C2CC9DCC00052256F /* Muli-Light.ttf */ = {isa = PBXFileReference; lastKnownFileType = file; path = "Muli-Light.ttf"; sourceTree = "<group>"; };
		93EC530D2CC9DCC00052256F /* Muli-LightItalic.ttf */ = {isa = PBXFileReference; lastKnownFileType = file; path = "Muli-LightItalic.ttf"; sourceTree = "<group>"; };
		93EC530E2CC9DCC00052256F /* Muli-Semi-BoldItalic.ttf */ = {isa = PBXFileReference; lastKnownFileType = file; path = "Muli-Semi-BoldItalic.ttf"; sourceTree = "<group>"; };
		93EC530F2CC9DCC00052256F /* Muli-SemiBold.ttf */ = {isa = PBXFileReference; lastKnownFileType = file; path = "Muli-SemiBold.ttf"; sourceTree = "<group>"; };
		93EC53102CC9DCC00052256F /* Muli.ttf */ = {isa = PBXFileReference; lastKnownFileType = file; path = Muli.ttf; sourceTree = "<group>"; };
		93EC53112CC9DCC00052256F /* SIL Open Font License.txt */ = {isa = PBXFileReference; fileEncoding = 4; lastKnownFileType = text; path = "SIL Open Font License.txt"; sourceTree = "<group>"; };
/* End PBXFileReference section */

/* Begin PBXFrameworksBuildPhase section */
		93248AA72CB635DD00BDD66D /* Frameworks */ = {
			isa = PBXFrameworksBuildPhase;
			buildActionMask = 2147483647;
			files = (
			);
			runOnlyForDeploymentPostprocessing = 0;
		};
		93248AB92CB635DF00BDD66D /* Frameworks */ = {
			isa = PBXFrameworksBuildPhase;
			buildActionMask = 2147483647;
			files = (
			);
			runOnlyForDeploymentPostprocessing = 0;
		};
		93248AC32CB635DF00BDD66D /* Frameworks */ = {
			isa = PBXFrameworksBuildPhase;
			buildActionMask = 2147483647;
			files = (
			);
			runOnlyForDeploymentPostprocessing = 0;
		};
/* End PBXFrameworksBuildPhase section */

/* Begin PBXGroup section */
		93248AA12CB635DD00BDD66D = {
			isa = PBXGroup;
			children = (
				93248AAC2CB635DD00BDD66D /* Congressional */,
				93248ABF2CB635DF00BDD66D /* CongressionalTests */,
				93248AC92CB635DF00BDD66D /* CongressionalUITests */,
				93248AAB2CB635DD00BDD66D /* Products */,
			);
			sourceTree = "<group>";
		};
		93248AAB2CB635DD00BDD66D /* Products */ = {
			isa = PBXGroup;
			children = (
				93248AAA2CB635DD00BDD66D /* Congressional.app */,
				93248ABC2CB635DF00BDD66D /* CongressionalTests.xctest */,
				93248AC62CB635DF00BDD66D /* CongressionalUITests.xctest */,
			);
			name = Products;
			sourceTree = "<group>";
		};
		93248AAC2CB635DD00BDD66D /* Congressional */ = {
			isa = PBXGroup;
			children = (
				93248AAD2CB635DD00BDD66D /* CongressionalApp.swift */,
				93248AAF2CB635DD00BDD66D /* ContentView.swift */,
				93248AB12CB635DD00BDD66D /* Item.swift */,
				93248AB32CB635DE00BDD66D /* Assets.xcassets */,
				93248AB52CB635DE00BDD66D /* Preview Content */,
			);
			path = Congressional;
			sourceTree = "<group>";
		};
		93248AB52CB635DE00BDD66D /* Preview Content */ = {
			isa = PBXGroup;
			children = (
				93248AB62CB635DE00BDD66D /* Preview Assets.xcassets */,
			);
			path = "Preview Content";
			sourceTree = "<group>";
		};
		93248ABF2CB635DF00BDD66D /* CongressionalTests */ = {
			isa = PBXGroup;
			children = (
				93248AC02CB635DF00BDD66D /* CongressionalTests.swift */,
			);
			path = CongressionalTests;
			sourceTree = "<group>";
		};
		93248AC92CB635DF00BDD66D /* CongressionalUITests */ = {
			isa = PBXGroup;
			children = (
				93248ACA2CB635DF00BDD66D /* CongressionalUITests.swift */,
				93248ACC2CB635DF00BDD66D /* CongressionalUITestsLaunchTests.swift */,
				93EC53122CC9DCC00052256F /* muli */,
			);
			path = CongressionalUITests;
			sourceTree = "<group>";
		};
		93EC53122CC9DCC00052256F /* muli */ = {
			isa = PBXGroup;
			children = (
				93EC53072CC9DCC00052256F /* Muli-Bold.ttf */,
				93EC53082CC9DCC00052256F /* Muli-BoldItalic.ttf */,
				93EC53092CC9DCC00052256F /* Muli-ExtraLight.ttf */,
				93EC530A2CC9DCC00052256F /* Muli-ExtraLightItalic.ttf */,
				93EC530B2CC9DCC00052256F /* Muli-Italic.ttf */,
				93EC530C2CC9DCC00052256F /* Muli-Light.ttf */,
				93EC530D2CC9DCC00052256F /* Muli-LightItalic.ttf */,
				93EC530E2CC9DCC00052256F /* Muli-Semi-BoldItalic.ttf */,
				93EC530F2CC9DCC00052256F /* Muli-SemiBold.ttf */,
				93EC53102CC9DCC00052256F /* Muli.ttf */,
				93EC53112CC9DCC00052256F /* SIL Open Font License.txt */,
			);
			path = muli;
			sourceTree = "<group>";
		};
/* End PBXGroup section */

/* Begin PBXNativeTarget section */
		93248AA92CB635DD00BDD66D /* Congressional */ = {
			isa = PBXNativeTarget;
			buildConfigurationList = 93248AD02CB635DF00BDD66D /* Build configuration list for PBXNativeTarget "Congressional" */;
			buildPhases = (
				93248AA62CB635DD00BDD66D /* Sources */,
				93248AA72CB635DD00BDD66D /* Frameworks */,
				93248AA82CB635DD00BDD66D /* Resources */,
			);
			buildRules = (
			);
			dependencies = (
			);
			name = Congressional;
			productName = Congressional;
			productReference = 93248AAA2CB635DD00BDD66D /* Congressional.app */;
			productType = "com.apple.product-type.application";
		};
		93248ABB2CB635DF00BDD66D /* CongressionalTests */ = {
			isa = PBXNativeTarget;
			buildConfigurationList = 93248AD32CB635DF00BDD66D /* Build configuration list for PBXNativeTarget "CongressionalTests" */;
			buildPhases = (
				93248AB82CB635DF00BDD66D /* Sources */,
				93248AB92CB635DF00BDD66D /* Frameworks */,
				93248ABA2CB635DF00BDD66D /* Resources */,
			);
			buildRules = (
			);
			dependencies = (
				93248ABE2CB635DF00BDD66D /* PBXTargetDependency */,
			);
			name = CongressionalTests;
			productName = CongressionalTests;
			productReference = 93248ABC2CB635DF00BDD66D /* CongressionalTests.xctest */;
			productType = "com.apple.product-type.bundle.unit-test";
		};
		93248AC52CB635DF00BDD66D /* CongressionalUITests */ = {
			isa = PBXNativeTarget;
			buildConfigurationList = 93248AD62CB635DF00BDD66D /* Build configuration list for PBXNativeTarget "CongressionalUITests" */;
			buildPhases = (
				93248AC22CB635DF00BDD66D /* Sources */,
				93248AC32CB635DF00BDD66D /* Frameworks */,
				93248AC42CB635DF00BDD66D /* Resources */,
			);
			buildRules = (
			);
			dependencies = (
				93248AC82CB635DF00BDD66D /* PBXTargetDependency */,
			);
			name = CongressionalUITests;
			productName = CongressionalUITests;
			productReference = 93248AC62CB635DF00BDD66D /* CongressionalUITests.xctest */;
			productType = "com.apple.product-type.bundle.ui-testing";
		};
/* End PBXNativeTarget section */

/* Begin PBXProject section */
		93248AA22CB635DD00BDD66D /* Project object */ = {
			isa = PBXProject;
			attributes = {
				BuildIndependentTargetsInParallel = 1;
				LastSwiftUpdateCheck = 1540;
				LastUpgradeCheck = 1540;
				TargetAttributes = {
					93248AA92CB635DD00BDD66D = {
						CreatedOnToolsVersion = 15.4;
					};
					93248ABB2CB635DF00BDD66D = {
						CreatedOnToolsVersion = 15.4;
						TestTargetID = 93248AA92CB635DD00BDD66D;
					};
					93248AC52CB635DF00BDD66D = {
						CreatedOnToolsVersion = 15.4;
						TestTargetID = 93248AA92CB635DD00BDD66D;
					};
				};
			};
			buildConfigurationList = 93248AA52CB635DD00BDD66D /* Build configuration list for PBXProject "Congressional" */;
			compatibilityVersion = "Xcode 14.0";
			developmentRegion = en;
			hasScannedForEncodings = 0;
			knownRegions = (
				en,
				Base,
			);
			mainGroup = 93248AA12CB635DD00BDD66D;
			productRefGroup = 93248AAB2CB635DD00BDD66D /* Products */;
			projectDirPath = "";
			projectRoot = "";
			targets = (
				93248AA92CB635DD00BDD66D /* Congressional */,
				93248ABB2CB635DF00BDD66D /* CongressionalTests */,
				93248AC52CB635DF00BDD66D /* CongressionalUITests */,
			);
		};
/* End PBXProject section */

/* Begin PBXResourcesBuildPhase section */
		93248AA82CB635DD00BDD66D /* Resources */ = {
			isa = PBXResourcesBuildPhase;
			buildActionMask = 2147483647;
			files = (
				93EC53132CC9DCC00052256F /* Muli-Bold.ttf in Resources */,
				93EC531F2CC9DCC00052256F /* Muli-Italic.ttf in Resources */,
				93EC53252CC9DCC00052256F /* Muli-LightItalic.ttf in Resources */,
				93EC532E2CC9DCC00052256F /* Muli.ttf in Resources */,
				93EC532B2CC9DCC00052256F /* Muli-SemiBold.ttf in Resources */,
				93248AB72CB635DE00BDD66D /* Preview Assets.xcassets in Resources */,
				93EC53312CC9DCC00052256F /* SIL Open Font License.txt in Resources */,
				93EC53162CC9DCC00052256F /* Muli-BoldItalic.ttf in Resources */,
				93EC53192CC9DCC00052256F /* Muli-ExtraLight.ttf in Resources */,
				93248AB42CB635DE00BDD66D /* Assets.xcassets in Resources */,
				93EC53222CC9DCC00052256F /* Muli-Light.ttf in Resources */,
				93EC53282CC9DCC00052256F /* Muli-Semi-BoldItalic.ttf in Resources */,
				93EC531C2CC9DCC00052256F /* Muli-ExtraLightItalic.ttf in Resources */,
			);
			runOnlyForDeploymentPostprocessing = 0;
		};
		93248ABA2CB635DF00BDD66D /* Resources */ = {
			isa = PBXResourcesBuildPhase;
			buildActionMask = 2147483647;
			files = (
				93EC532C2CC9DCC00052256F /* Muli-SemiBold.ttf in Resources */,
				93EC53322CC9DCC00052256F /* SIL Open Font License.txt in Resources */,
				93EC532F2CC9DCC00052256F /* Muli.ttf in Resources */,
				93EC53172CC9DCC00052256F /* Muli-BoldItalic.ttf in Resources */,
				93EC531A2CC9DCC00052256F /* Muli-ExtraLight.ttf in Resources */,
				93EC53292CC9DCC00052256F /* Muli-Semi-BoldItalic.ttf in Resources */,
				93EC53262CC9DCC00052256F /* Muli-LightItalic.ttf in Resources */,
				93EC53202CC9DCC00052256F /* Muli-Italic.ttf in Resources */,
				93EC53142CC9DCC00052256F /* Muli-Bold.ttf in Resources */,
				93EC53232CC9DCC00052256F /* Muli-Light.ttf in Resources */,
				93EC531D2CC9DCC00052256F /* Muli-ExtraLightItalic.ttf in Resources */,
			);
			runOnlyForDeploymentPostprocessing = 0;
		};
		93248AC42CB635DF00BDD66D /* Resources */ = {
			isa = PBXResourcesBuildPhase;
			buildActionMask = 2147483647;
			files = (
				93EC532D2CC9DCC00052256F /* Muli-SemiBold.ttf in Resources */,
				93EC53332CC9DCC00052256F /* SIL Open Font License.txt in Resources */,
				93EC53302CC9DCC00052256F /* Muli.ttf in Resources */,
				93EC53182CC9DCC00052256F /* Muli-BoldItalic.ttf in Resources */,
				93EC531B2CC9DCC00052256F /* Muli-ExtraLight.ttf in Resources */,
				93EC532A2CC9DCC00052256F /* Muli-Semi-BoldItalic.ttf in Resources */,
				93EC53272CC9DCC00052256F /* Muli-LightItalic.ttf in Resources */,
				93EC53212CC9DCC00052256F /* Muli-Italic.ttf in Resources */,
				93EC53152CC9DCC00052256F /* Muli-Bold.ttf in Resources */,
				93EC53242CC9DCC00052256F /* Muli-Light.ttf in Resources */,
				93EC531E2CC9DCC00052256F /* Muli-ExtraLightItalic.ttf in Resources */,
			);
			runOnlyForDeploymentPostprocessing = 0;
		};
/* End PBXResourcesBuildPhase section */

/* Begin PBXSourcesBuildPhase section */
		93248AA62CB635DD00BDD66D /* Sources */ = {
			isa = PBXSourcesBuildPhase;
			buildActionMask = 2147483647;
			files = (
				93248AB02CB635DD00BDD66D /* ContentView.swift in Sources */,
				93248AB22CB635DD00BDD66D /* Item.swift in Sources */,
				93248AAE2CB635DD00BDD66D /* CongressionalApp.swift in Sources */,
			);
			runOnlyForDeploymentPostprocessing = 0;
		};
		93248AB82CB635DF00BDD66D /* Sources */ = {
			isa = PBXSourcesBuildPhase;
			buildActionMask = 2147483647;
			files = (
				93248AC12CB635DF00BDD66D /* CongressionalTests.swift in Sources */,
			);
			runOnlyForDeploymentPostprocessing = 0;
		};
		93248AC22CB635DF00BDD66D /* Sources */ = {
			isa = PBXSourcesBuildPhase;
			buildActionMask = 2147483647;
			files = (
				93248ACD2CB635DF00BDD66D /* CongressionalUITestsLaunchTests.swift in Sources */,
				93248ACB2CB635DF00BDD66D /* CongressionalUITests.swift in Sources */,
			);
			runOnlyForDeploymentPostprocessing = 0;
		};
/* End PBXSourcesBuildPhase section */

/* Begin PBXTargetDependency section */
		93248ABE2CB635DF00BDD66D /* PBXTargetDependency */ = {
			isa = PBXTargetDependency;
			target = 93248AA92CB635DD00BDD66D /* Congressional */;
			targetProxy = 93248ABD2CB635DF00BDD66D /* PBXContainerItemProxy */;
		};
		93248AC82CB635DF00BDD66D /* PBXTargetDependency */ = {
			isa = PBXTargetDependency;
			target = 93248AA92CB635DD00BDD66D /* Congressional */;
			targetProxy = 93248AC72CB635DF00BDD66D /* PBXContainerItemProxy */;
		};
/* End PBXTargetDependency section */

/* Begin XCBuildConfiguration section */
		93248ACE2CB635DF00BDD66D /* Debug */ = {
			isa = XCBuildConfiguration;
			buildSettings = {
				ALWAYS_SEARCH_USER_PATHS = NO;
				ASSETCATALOG_COMPILER_GENERATE_SWIFT_ASSET_SYMBOL_EXTENSIONS = YES;
				CLANG_ANALYZER_NONNULL = YES;
				CLANG_ANALYZER_NUMBER_OBJECT_CONVERSION = YES_AGGRESSIVE;
				CLANG_CXX_LANGUAGE_STANDARD = "gnu++20";
				CLANG_ENABLE_MODULES = YES;
				CLANG_ENABLE_OBJC_ARC = YES;
				CLANG_ENABLE_OBJC_WEAK = YES;
				CLANG_WARN_BLOCK_CAPTURE_AUTORELEASING = YES;
				CLANG_WARN_BOOL_CONVERSION = YES;
				CLANG_WARN_COMMA = YES;
				CLANG_WARN_CONSTANT_CONVERSION = YES;
				CLANG_WARN_DEPRECATED_OBJC_IMPLEMENTATIONS = YES;
				CLANG_WARN_DIRECT_OBJC_ISA_USAGE = YES_ERROR;
				CLANG_WARN_DOCUMENTATION_COMMENTS = YES;
				CLANG_WARN_EMPTY_BODY = YES;
				CLANG_WARN_ENUM_CONVERSION = YES;
				CLANG_WARN_INFINITE_RECURSION = YES;
				CLANG_WARN_INT_CONVERSION = YES;
				CLANG_WARN_NON_LITERAL_NULL_CONVERSION = YES;
				CLANG_WARN_OBJC_IMPLICIT_RETAIN_SELF = YES;
				CLANG_WARN_OBJC_LITERAL_CONVERSION = YES;
				CLANG_WARN_OBJC_ROOT_CLASS = YES_ERROR;
				CLANG_WARN_QUOTED_INCLUDE_IN_FRAMEWORK_HEADER = YES;
				CLANG_WARN_RANGE_LOOP_ANALYSIS = YES;
				CLANG_WARN_STRICT_PROTOTYPES = YES;
				CLANG_WARN_SUSPICIOUS_MOVE = YES;
				CLANG_WARN_UNGUARDED_AVAILABILITY = YES_AGGRESSIVE;
				CLANG_WARN_UNREACHABLE_CODE = YES;
				CLANG_WARN__DUPLICATE_METHOD_MATCH = YES;
				COPY_PHASE_STRIP = NO;
				DEBUG_INFORMATION_FORMAT = dwarf;
				ENABLE_STRICT_OBJC_MSGSEND = YES;
				ENABLE_TESTABILITY = YES;
				ENABLE_USER_SCRIPT_SANDBOXING = YES;
				GCC_C_LANGUAGE_STANDARD = gnu17;
				GCC_DYNAMIC_NO_PIC = NO;
				GCC_NO_COMMON_BLOCKS = YES;
				GCC_OPTIMIZATION_LEVEL = 0;
				GCC_PREPROCESSOR_DEFINITIONS = (
					"DEBUG=1",
					"$(inherited)",
				);
				GCC_WARN_64_TO_32_BIT_CONVERSION = YES;
				GCC_WARN_ABOUT_RETURN_TYPE = YES_ERROR;
				GCC_WARN_UNDECLARED_SELECTOR = YES;
				GCC_WARN_UNINITIALIZED_AUTOS = YES_AGGRESSIVE;
				GCC_WARN_UNUSED_FUNCTION = YES;
				GCC_WARN_UNUSED_VARIABLE = YES;
				IPHONEOS_DEPLOYMENT_TARGET = 17.5;
				LOCALIZATION_PREFERS_STRING_CATALOGS = YES;
				MTL_ENABLE_DEBUG_INFO = INCLUDE_SOURCE;
				MTL_FAST_MATH = YES;
				ONLY_ACTIVE_ARCH = YES;
				SDKROOT = iphoneos;
				SWIFT_ACTIVE_COMPILATION_CONDITIONS = "DEBUG $(inherited)";
				SWIFT_OPTIMIZATION_LEVEL = "-Onone";
			};
			name = Debug;
		};
		93248ACF2CB635DF00BDD66D /* Release */ = {
			isa = XCBuildConfiguration;
			buildSettings = {
				ALWAYS_SEARCH_USER_PATHS = NO;
				ASSETCATALOG_COMPILER_GENERATE_SWIFT_ASSET_SYMBOL_EXTENSIONS = YES;
				CLANG_ANALYZER_NONNULL = YES;
				CLANG_ANALYZER_NUMBER_OBJECT_CONVERSION = YES_AGGRESSIVE;
				CLANG_CXX_LANGUAGE_STANDARD = "gnu++20";
				CLANG_ENABLE_MODULES = YES;
				CLANG_ENABLE_OBJC_ARC = YES;
				CLANG_ENABLE_OBJC_WEAK = YES;
				CLANG_WARN_BLOCK_CAPTURE_AUTORELEASING = YES;
				CLANG_WARN_BOOL_CONVERSION = YES;
				CLANG_WARN_COMMA = YES;
				CLANG_WARN_CONSTANT_CONVERSION = YES;
				CLANG_WARN_DEPRECATED_OBJC_IMPLEMENTATIONS = YES;
				CLANG_WARN_DIRECT_OBJC_ISA_USAGE = YES_ERROR;
				CLANG_WARN_DOCUMENTATION_COMMENTS = YES;
				CLANG_WARN_EMPTY_BODY = YES;
				CLANG_WARN_ENUM_CONVERSION = YES;
				CLANG_WARN_INFINITE_RECURSION = YES;
				CLANG_WARN_INT_CONVERSION = YES;
				CLANG_WARN_NON_LITERAL_NULL_CONVERSION = YES;
				CLANG_WARN_OBJC_IMPLICIT_RETAIN_SELF = YES;
				CLANG_WARN_OBJC_LITERAL_CONVERSION = YES;
				CLANG_WARN_OBJC_ROOT_CLASS = YES_ERROR;
				CLANG_WARN_QUOTED_INCLUDE_IN_FRAMEWORK_HEADER = YES;
				CLANG_WARN_RANGE_LOOP_ANALYSIS = YES;
				CLANG_WARN_STRICT_PROTOTYPES = YES;
				CLANG_WARN_SUSPICIOUS_MOVE = YES;
				CLANG_WARN_UNGUARDED_AVAILABILITY = YES_AGGRESSIVE;
				CLANG_WARN_UNREACHABLE_CODE = YES;
				CLANG_WARN__DUPLICATE_METHOD_MATCH = YES;
				COPY_PHASE_STRIP = NO;
				DEBUG_INFORMATION_FORMAT = "dwarf-with-dsym";
				ENABLE_NS_ASSERTIONS = NO;
				ENABLE_STRICT_OBJC_MSGSEND = YES;
				ENABLE_USER_SCRIPT_SANDBOXING = YES;
				GCC_C_LANGUAGE_STANDARD = gnu17;
				GCC_NO_COMMON_BLOCKS = YES;
				GCC_WARN_64_TO_32_BIT_CONVERSION = YES;
				GCC_WARN_ABOUT_RETURN_TYPE = YES_ERROR;
				GCC_WARN_UNDECLARED_SELECTOR = YES;
				GCC_WARN_UNINITIALIZED_AUTOS = YES_AGGRESSIVE;
				GCC_WARN_UNUSED_FUNCTION = YES;
				GCC_WARN_UNUSED_VARIABLE = YES;
				IPHONEOS_DEPLOYMENT_TARGET = 17.5;
				LOCALIZATION_PREFERS_STRING_CATALOGS = YES;
				MTL_ENABLE_DEBUG_INFO = NO;
				MTL_FAST_MATH = YES;
				SDKROOT = iphoneos;
				SWIFT_COMPILATION_MODE = wholemodule;
				VALIDATE_PRODUCT = YES;
			};
			name = Release;
		};
		93248AD12CB635DF00BDD66D /* Debug */ = {
			isa = XCBuildConfiguration;
			buildSettings = {
				ASSETCATALOG_COMPILER_APPICON_NAME = AppIcon;
				ASSETCATALOG_COMPILER_GLOBAL_ACCENT_COLOR_NAME = AccentColor;
				CODE_SIGN_STYLE = Automatic;
				CURRENT_PROJECT_VERSION = 1;
				DEVELOPMENT_ASSET_PATHS = "\"Congressional/Preview Content\"";
				ENABLE_PREVIEWS = YES;
				GENERATE_INFOPLIST_FILE = YES;
				INFOPLIST_KEY_UIApplicationSceneManifest_Generation = YES;
				INFOPLIST_KEY_UIApplicationSupportsIndirectInputEvents = YES;
				INFOPLIST_KEY_UILaunchScreen_Generation = YES;
				INFOPLIST_KEY_UISupportedInterfaceOrientations_iPad = "UIInterfaceOrientationPortrait UIInterfaceOrientationPortraitUpsideDown UIInterfaceOrientationLandscapeLeft UIInterfaceOrientationLandscapeRight";
				INFOPLIST_KEY_UISupportedInterfaceOrientations_iPhone = "UIInterfaceOrientationPortrait UIInterfaceOrientationLandscapeLeft UIInterfaceOrientationLandscapeRight";
				LD_RUNPATH_SEARCH_PATHS = (
					"$(inherited)",
					"@executable_path/Frameworks",
				);
				MARKETING_VERSION = 1.0;
				PRODUCT_BUNDLE_IDENTIFIER = com.saathvikvalvekar.Congressional;
				PRODUCT_NAME = "$(TARGET_NAME)";
				SWIFT_EMIT_LOC_STRINGS = YES;
				SWIFT_VERSION = 5.0;
				TARGETED_DEVICE_FAMILY = "1,2";
			};
			name = Debug;
		};
		93248AD22CB635DF00BDD66D /* Release */ = {
			isa = XCBuildConfiguration;
			buildSettings = {
				ASSETCATALOG_COMPILER_APPICON_NAME = AppIcon;
				ASSETCATALOG_COMPILER_GLOBAL_ACCENT_COLOR_NAME = AccentColor;
				CODE_SIGN_STYLE = Automatic;
				CURRENT_PROJECT_VERSION = 1;
				DEVELOPMENT_ASSET_PATHS = "\"Congressional/Preview Content\"";
				ENABLE_PREVIEWS = YES;
				GENERATE_INFOPLIST_FILE = YES;
				INFOPLIST_KEY_UIApplicationSceneManifest_Generation = YES;
				INFOPLIST_KEY_UIApplicationSupportsIndirectInputEvents = YES;
				INFOPLIST_KEY_UILaunchScreen_Generation = YES;
				INFOPLIST_KEY_UISupportedInterfaceOrientations_iPad = "UIInterfaceOrientationPortrait UIInterfaceOrientationPortraitUpsideDown UIInterfaceOrientationLandscapeLeft UIInterfaceOrientationLandscapeRight";
				INFOPLIST_KEY_UISupportedInterfaceOrientations_iPhone = "UIInterfaceOrientationPortrait UIInterfaceOrientationLandscapeLeft UIInterfaceOrientationLandscapeRight";
				LD_RUNPATH_SEARCH_PATHS = (
					"$(inherited)",
					"@executable_path/Frameworks",
				);
				MARKETING_VERSION = 1.0;
				PRODUCT_BUNDLE_IDENTIFIER = com.saathvikvalvekar.Congressional;
				PRODUCT_NAME = "$(TARGET_NAME)";
				SWIFT_EMIT_LOC_STRINGS = YES;
				SWIFT_VERSION = 5.0;
				TARGETED_DEVICE_FAMILY = "1,2";
			};
			name = Release;
		};
		93248AD42CB635DF00BDD66D /* Debug */ = {
			isa = XCBuildConfiguration;
			buildSettings = {
				ALWAYS_EMBED_SWIFT_STANDARD_LIBRARIES = YES;
				BUNDLE_LOADER = "$(TEST_HOST)";
				CODE_SIGN_STYLE = Automatic;
				CURRENT_PROJECT_VERSION = 1;
				GENERATE_INFOPLIST_FILE = YES;
				IPHONEOS_DEPLOYMENT_TARGET = 17.5;
				MARKETING_VERSION = 1.0;
				PRODUCT_BUNDLE_IDENTIFIER = com.saathvikvalvekar.CongressionalTests;
				PRODUCT_NAME = "$(TARGET_NAME)";
				SWIFT_EMIT_LOC_STRINGS = NO;
				SWIFT_VERSION = 5.0;
				TARGETED_DEVICE_FAMILY = "1,2";
				TEST_HOST = "$(BUILT_PRODUCTS_DIR)/Congressional.app/$(BUNDLE_EXECUTABLE_FOLDER_PATH)/Congressional";
			};
			name = Debug;
		};
		93248AD52CB635DF00BDD66D /* Release */ = {
			isa = XCBuildConfiguration;
			buildSettings = {
				ALWAYS_EMBED_SWIFT_STANDARD_LIBRARIES = YES;
				BUNDLE_LOADER = "$(TEST_HOST)";
				CODE_SIGN_STYLE = Automatic;
				CURRENT_PROJECT_VERSION = 1;
				GENERATE_INFOPLIST_FILE = YES;
				IPHONEOS_DEPLOYMENT_TARGET = 17.5;
				MARKETING_VERSION = 1.0;
				PRODUCT_BUNDLE_IDENTIFIER = com.saathvikvalvekar.CongressionalTests;
				PRODUCT_NAME = "$(TARGET_NAME)";
				SWIFT_EMIT_LOC_STRINGS = NO;
				SWIFT_VERSION = 5.0;
				TARGETED_DEVICE_FAMILY = "1,2";
				TEST_HOST = "$(BUILT_PRODUCTS_DIR)/Congressional.app/$(BUNDLE_EXECUTABLE_FOLDER_PATH)/Congressional";
			};
			name = Release;
		};
		93248AD72CB635DF00BDD66D /* Debug */ = {
			isa = XCBuildConfiguration;
			buildSettings = {
				ALWAYS_EMBED_SWIFT_STANDARD_LIBRARIES = YES;
				CODE_SIGN_STYLE = Automatic;
				CURRENT_PROJECT_VERSION = 1;
				GENERATE_INFOPLIST_FILE = YES;
				MARKETING_VERSION = 1.0;
				PRODUCT_BUNDLE_IDENTIFIER = com.saathvikvalvekar.CongressionalUITests;
				PRODUCT_NAME = "$(TARGET_NAME)";
				SWIFT_EMIT_LOC_STRINGS = NO;
				SWIFT_VERSION = 5.0;
				TARGETED_DEVICE_FAMILY = "1,2";
				TEST_TARGET_NAME = Congressional;
			};
			name = Debug;
		};
		93248AD82CB635DF00BDD66D /* Release */ = {
			isa = XCBuildConfiguration;
			buildSettings = {
				ALWAYS_EMBED_SWIFT_STANDARD_LIBRARIES = YES;
				CODE_SIGN_STYLE = Automatic;
				CURRENT_PROJECT_VERSION = 1;
				GENERATE_INFOPLIST_FILE = YES;
				MARKETING_VERSION = 1.0;
				PRODUCT_BUNDLE_IDENTIFIER = com.saathvikvalvekar.CongressionalUITests;
				PRODUCT_NAME = "$(TARGET_NAME)";
				SWIFT_EMIT_LOC_STRINGS = NO;
				SWIFT_VERSION = 5.0;
				TARGETED_DEVICE_FAMILY = "1,2";
				TEST_TARGET_NAME = Congressional;
			};
			name = Release;
		};
/* End XCBuildConfiguration section */

/* Begin XCConfigurationList section */
		93248AA52CB635DD00BDD66D /* Build configuration list for PBXProject "Congressional" */ = {
			isa = XCConfigurationList;
			buildConfigurations = (
				93248ACE2CB635DF00BDD66D /* Debug */,
				93248ACF2CB635DF00BDD66D /* Release */,
			);
			defaultConfigurationIsVisible = 0;
			defaultConfigurationName = Release;
		};
		93248AD02CB635DF00BDD66D /* Build configuration list for PBXNativeTarget "Congressional" */ = {
			isa = XCConfigurationList;
			buildConfigurations = (
				93248AD12CB635DF00BDD66D /* Debug */,
				93248AD22CB635DF00BDD66D /* Release */,
			);
			defaultConfigurationIsVisible = 0;
			defaultConfigurationName = Release;
		};
		93248AD32CB635DF00BDD66D /* Build configuration list for PBXNativeTarget "CongressionalTests" */ = {
			isa = XCConfigurationList;
			buildConfigurations = (
				93248AD42CB635DF00BDD66D /* Debug */,
				93248AD52CB635DF00BDD66D /* Release */,
			);
			defaultConfigurationIsVisible = 0;
			defaultConfigurationName = Release;
		};
		93248AD62CB635DF00BDD66D /* Build configuration list for PBXNativeTarget "CongressionalUITests" */ = {
			isa = XCConfigurationList;
			buildConfigurations = (
				93248AD72CB635DF00BDD66D /* Debug */,
				93248AD82CB635DF00BDD66D /* Release */,
			);
			defaultConfigurationIsVisible = 0;
			defaultConfigurationName = Release;
		};
/* End XCConfigurationList section */
	};
	rootObject = 93248AA22CB635DD00BDD66D /* Project object */;
}
